
Microsoft Visual Studio Solution File, Format Version 12.00
# Visual Studio Version 17
VisualStudioVersion = 17.10.34928.147
MinimumVisualStudioVersion = 10.0.40219.1
Project("{FAE04EC0-301F-11D3-BF4B-00C04F79EFBC}") = "MvcLoja", "MvcLoja\MvcLoja.csproj", "{198AA4D4-3E1A-4696-ADD7-22192ED01A25}"
EndProject
Global
	GlobalSection(SolutionConfigurationPlatforms) = preSolution
		Debug|Any CPU = Debug|Any CPU
		Release|Any CPU = Release|Any CPU
	EndGlobalSection
	GlobalSection(ProjectConfigurationPlatforms) = postSolution
		{198AA4D4-3E1A-4696-ADD7-22192ED01A25}.Debug|Any CPU.ActiveCfg = Debug|Any CPU
		{198AA4D4-3E1A-4696-ADD7-22192ED01A25}.Debug|Any CPU.Build.0 = Debug|Any CPU
		{198AA4D4-3E1A-4696-ADD7-22192ED01A25}.Release|Any CPU.ActiveCfg = Release|Any CPU
		{198AA4D4-3E1A-4696-ADD7-22192ED01A25}.Release|Any CPU.Build.0 = Release|Any CPU
	EndGlobalSection
	GlobalSection(SolutionProperties) = preSolution
		HideSolutionNode = FALSE
	EndGlobalSection
	GlobalSection(ExtensibilityGlobals) = postSolution
		SolutionGuid = {DE02AC30-FD14-46E8-997C-6AF3151B2843}
	EndGlobalSection
EndGlobal
